<?xml version="1.0" encoding="utf-8"?>
<Project ToolsVersion="4.0" xmlns="http://schemas.microsoft.com/developer/msbuild/2003">
  <ItemGroup>
    <Filter Include="Source Files">
      <UniqueIdentifier>{4FC737F1-C7A5-4376-A066-2A32D752A2FF}</UniqueIdentifier>
      <Extensions>cpp;c;cc;cxx;def;odl;idl;hpj;bat;asm;asmx</Extensions>
    </Filter>
    <Filter Include="Header Files">
      <UniqueIdentifier>{93995380-89BD-4b04-88EB-625FBE52EBFB}</UniqueIdentifier>
      <Extensions>h;hpp;hxx;hm;inl;inc;xsd</Extensions>
    </Filter>
    <Filter Include="Resource Files">
      <UniqueIdentifier>{67DA6AB6-F800-4c08-8B7A-83BB121AAD01}</UniqueIdentifier>
      <Extensions>rc;ico;cur;bmp;dlg;rc2;rct;bin;rgs;gif;jpg;jpeg;jpe;resx;tiff;tif;png;wav</Extensions>
    </Filter>
    <Filter Include="Scripts">
      <UniqueIdentifier>{2d4710b5-8479-460f-9191-a979f2f0884d}</UniqueIdentifier>
    </Filter>
    <Filter Include="XML">
      <UniqueIdentifier>{582ad4ec-2022-4b82-bb37-74eeac449897}</UniqueIdentifier>
    </Filter>
    <Filter Include="Source Files\Framework">
      <UniqueIdentifier>{324d8c2b-c35f-491c-bf5f-1dbd31138ea6}</UniqueIdentifier>
    </Filter>
    <Filter Include="Source Files\Game">
      <UniqueIdentifier>{1ed96644-66b8-46c9-a9ac-8e9db4e32530}</UniqueIdentifier>
    </Filter>
    <Filter Include="Source Files\GameStates">
      <UniqueIdentifier>{f7352ea5-83d6-49a1-ad68-96a0f745d26b}</UniqueIdentifier>
    </Filter>
  </ItemGroup>
  <ItemGroup>
    <ClCompile Include="src\Main.cpp">
      <Filter>Source Files</Filter>
    </ClCompile>
    <ClCompile Include="src\TestWidget.cpp">
      <Filter>Source Files</Filter>
    </ClCompile>
    <ClCompile Include="src\stdafx.cpp">
      <Filter>Header Files</Filter>
    </ClCompile>
    <ClCompile Include="src\Framework\Scene.cpp">
      <Filter>Source Files\Framework</Filter>
    </ClCompile>
    <ClCompile Include="src\Framework\SpriteNode.cpp">
      <Filter>Source Files\Framework</Filter>
    </ClCompile>
    <ClCompile Include="src\Game\TopGunGame.cpp">
      <Filter>Source Files\Game</Filter>
    </ClCompile>
    <ClCompile Include="src\Game\Bubble.cpp">
      <Filter>Source Files\Game</Filter>
    </ClCompile>
    <ClCompile Include="src\Framework\RigidBody.cpp">
      <Filter>Source Files\Framework</Filter>
    </ClCompile>
    <ClCompile Include="src\Framework\UniformGrid.cpp">
      <Filter>Source Files\Framework</Filter>
    </ClCompile>
    <ClCompile Include="src\Framework\GameNode.cpp">
      <Filter>Source Files\Framework</Filter>
    </ClCompile>
    <ClCompile Include="src\Framework\AudioWrapper.cpp">
      <Filter>Source Files\Framework</Filter>
    </ClCompile>
  </ItemGroup>
  <ItemGroup>
    <ClInclude Include="src\TestWidget.h">
      <Filter>Source Files</Filter>
    </ClInclude>
    <ClInclude Include="src\TestApplication.h">
      <Filter>Source Files</Filter>
    </ClInclude>
    <ClInclude Include="src\stdafx.h">
      <Filter>Header Files</Filter>
    </ClInclude>
    <ClInclude Include="src\pch.h">
      <Filter>Header Files</Filter>
    </ClInclude>
    <ClInclude Include="src\Framework\Scene.h">
      <Filter>Source Files\Framework</Filter>
    </ClInclude>
    <ClInclude Include="src\Framework\SpriteNode.h">
      <Filter>Source Files\Framework</Filter>
    </ClInclude>
    <ClInclude Include="src\Game\TopGunGame.h">
      <Filter>Source Files\Game</Filter>
    </ClInclude>
    <ClInclude Include="src\Game\Bubble.h">
      <Filter>Source Files\Game</Filter>
    </ClInclude>
    <ClInclude Include="src\Framework\RigidBody.h">
      <Filter>Source Files\Framework</Filter>
    </ClInclude>
    <ClInclude Include="src\Framework\UniformGrid.h">
      <Filter>Source Files\Framework</Filter>
    </ClInclude>
    <ClInclude Include="src\Framework\GameNode.h">
      <Filter>Source Files\Framework</Filter>
    </ClInclude>
    <ClInclude Include="src\Game\GameStates\BaseState.h">
      <Filter>Source Files\GameStates</Filter>
    </ClInclude>
    <ClInclude Include="src\Game\GameStates\GameTitle.h">
      <Filter>Source Files\GameStates</Filter>
    </ClInclude>
    <ClInclude Include="src\Game\GameStates\GetReady.h">
      <Filter>Source Files\GameStates</Filter>
    </ClInclude>
    <ClInclude Include="src\Game\GameStates\TimesIsUp.h">
      <Filter>Source Files\GameStates</Filter>
    </ClInclude>
    <ClInclude Include="src\Game\GameStates\YouWin.h">
      <Filter>Source Files\GameStates</Filter>
    </ClInclude>
    <ClInclude Include="src\Game\GameStates\MainGame.h">
      <Filter>Source Files\GameStates</Filter>
    </ClInclude>
    <ClInclude Include="src\Framework\AudioWrapper.h">
      <Filter>Source Files\Framework</Filter>
    </ClInclude>
  </ItemGroup>
  <ItemGroup>
    <Xml Include="bin\base_p\Layers.xml">
      <Filter>XML</Filter>
    </Xml>
    <Xml Include="bin\base_p\Resources.xml">
      <Filter>XML</Filter>
    </Xml>
  </ItemGroup>
  <ItemGroup>
    <None Include="bin\base_p\start.lua">
      <Filter>Scripts</Filter>
    </None>
  </ItemGroup>
</Project>